
Microsoft Visual Studio Solution File, Format Version 12.00
# Visual Studio 15
Project("{FAE04EC0-301F-11D3-BF4B-00C04F79EFBC}") = "Assembly-CSharp", "Assembly-CSharp.csproj", "{0DDA4CCE-97C3-D10A-4C4B-209B7873FC48}"
EndProject
Project("{FAE04EC0-301F-11D3-BF4B-00C04F79EFBC}") = "Assembly-CSharp-firstpass", "Assembly-CSharp-firstpass.csproj", "{9815B8D9-DCEE-241C-37B1-D3A475EE8B8C}"
EndProject
Project("{FAE04EC0-301F-11D3-BF4B-00C04F79EFBC}") = "Assembly-CSharp-Editor-firstpass", "Assembly-CSharp-Editor-firstpass.csproj", "{CCDD3299-2E55-23E1-0BD1-1AF307436584}"
EndProject
Global
	GlobalSection(SolutionConfigurationPlatforms) = preSolution
		Debug|Any CPU = Debug|Any CPU
		Release|Any CPU = Release|Any CPU
	EndGlobalSection
	GlobalSection(ProjectConfigurationPlatforms) = postSolution
		{0DDA4CCE-97C3-D10A-4C4B-209B7873FC48}.Debug|Any CPU.ActiveCfg = Debug|Any CPU
		{0DDA4CCE-97C3-D10A-4C4B-209B7873FC48}.Debug|Any CPU.Build.0 = Debug|Any CPU
		{0DDA4CCE-97C3-D10A-4C4B-209B7873FC48}.Release|Any CPU.ActiveCfg = Release|Any CPU
		{0DDA4CCE-97C3-D10A-4C4B-209B7873FC48}.Release|Any CPU.Build.0 = Release|Any CPU
		{9815B8D9-DCEE-241C-37B1-D3A475EE8B8C}.Debug|Any CPU.ActiveCfg = Debug|Any CPU
		{9815B8D9-DCEE-241C-37B1-D3A475EE8B8C}.Debug|Any CPU.Build.0 = Debug|Any CPU
		{9815B8D9-DCEE-241C-37B1-D3A475EE8B8C}.Release|Any CPU.ActiveCfg = Release|Any CPU
		{9815B8D9-DCEE-241C-37B1-D3A475EE8B8C}.Release|Any CPU.Build.0 = Release|Any CPU
		{CCDD3299-2E55-23E1-0BD1-1AF307436584}.Debug|Any CPU.ActiveCfg = Debug|Any CPU
		{CCDD3299-2E55-23E1-0BD1-1AF307436584}.Debug|Any CPU.Build.0 = Debug|Any CPU
		{CCDD3299-2E55-23E1-0BD1-1AF307436584}.Release|Any CPU.ActiveCfg = Release|Any CPU
		{CCDD3299-2E55-23E1-0BD1-1AF307436584}.Release|Any CPU.Build.0 = Release|Any CPU
	EndGlobalSection
	GlobalSection(SolutionProperties) = preSolution
		HideSolutionNode = FALSE
	EndGlobalSection
EndGlobal
